// !$*UTF8*$!
{
	archiveVersion = 1;
	classes = {
	};
	objectVersion = 50;
	objects = {

/* Begin PBXBuildFile section */
		C06448B12411118600824CA0 /* AppDelegate.swift in Sources */ = {isa = PBXBuildFile; fileRef = C06448B02411118600824CA0 /* AppDelegate.swift */; };
		C06448B32411118600824CA0 /* SceneDelegate.swift in Sources */ = {isa = PBXBuildFile; fileRef = C06448B22411118600824CA0 /* SceneDelegate.swift */; };
		C06448B52411118600824CA0 /* ViewController.swift in Sources */ = {isa = PBXBuildFile; fileRef = C06448B42411118600824CA0 /* ViewController.swift */; };
		C06448B82411118600824CA0 /* Main.storyboard in Resources */ = {isa = PBXBuildFile; fileRef = C06448B62411118600824CA0 /* Main.storyboard */; };
		C06448BB2411118600824CA0 /* Image_Machine_Hans.xcdatamodeld in Sources */ = {isa = PBXBuildFile; fileRef = C06448B92411118600824CA0 /* Image_Machine_Hans.xcdatamodeld */; };
		C06448BD2411118700824CA0 /* Assets.xcassets in Resources */ = {isa = PBXBuildFile; fileRef = C06448BC2411118700824CA0 /* Assets.xcassets */; };
		C06448C02411118700824CA0 /* LaunchScreen.storyboard in Resources */ = {isa = PBXBuildFile; fileRef = C06448BE2411118700824CA0 /* LaunchScreen.storyboard */; };
/* End PBXBuildFile section */

/* Begin PBXFileReference section */
		C06448AD2411118600824CA0 /* Image Machine Hans.app */ = {isa = PBXFileReference; explicitFileType = wrapper.application; includeInIndex = 0; path = "Image Machine Hans.app"; sourceTree = BUILT_PRODUCTS_DIR; };
		C06448B02411118600824CA0 /* AppDelegate.swift */ = {isa = PBXFileReference; lastKnownFileType = sourcecode.swift; path = AppDelegate.swift; sourceTree = "<group>"; };
		C06448B22411118600824CA0 /* SceneDelegate.swift */ = {isa = PBXFileReference; lastKnownFileType = sourcecode.swift; path = SceneDelegate.swift; sourceTree = "<group>"; };
		C06448B42411118600824CA0 /* ViewController.swift */ = {isa = PBXFileReference; lastKnownFileType = sourcecode.swift; path = ViewController.swift; sourceTree = "<group>"; };
		C06448B72411118600824CA0 /* Base */ = {isa = PBXFileReference; lastKnownFileType = file.storyboard; name = Base; path = Base.lproj/Main.storyboard; sourceTree = "<group>"; };
		C06448BA2411118600824CA0 /* Image_Machine_Hans.xcdatamodel */ = {isa = PBXFileReference; lastKnownFileType = wrapper.xcdatamodel; path = Image_Machine_Hans.xcdatamodel; sourceTree = "<group>"; };
		C06448BC2411118700824CA0 /* Assets.xcassets */ = {isa = PBXFileReference; lastKnownFileType = folder.assetcatalog; path = Assets.xcassets; sourceTree = "<group>"; };
		C06448BF2411118700824CA0 /* Base */ = {isa = PBXFileReference; lastKnownFileType = file.storyboard; name = Base; path = Base.lproj/LaunchScreen.storyboard; sourceTree = "<group>"; };
		C06448C12411118700824CA0 /* Info.plist */ = {isa = PBXFileReference; lastKnownFileType = text.plist.xml; path = Info.plist; sourceTree = "<group>"; };
/* End PBXFileReference section */

/* Begin PBXFrameworksBuildPhase section */
		C06448AA2411118600824CA0 /* Frameworks */ = {
			isa = PBXFrameworksBuildPhase;
			buildActionMask = 2147483647;
			files = (
			);
			runOnlyForDeploymentPostprocessing = 0;
		};
/* End PBXFrameworksBuildPhase section */

/* Begin PBXGroup section */
		C06448A42411118600824CA0 = {
			isa = PBXGroup;
			children = (
				C06448AF2411118600824CA0 /* Image Machine Hans */,
				C06448AE2411118600824CA0 /* Products */,
			);
			sourceTree = "<group>";
		};
		C06448AE2411118600824CA0 /* Products */ = {
			isa = PBXGroup;
			children = (
				C06448AD2411118600824CA0 /* Image Machine Hans.app */,
			);
			name = Products;
			sourceTree = "<group>";
		};
		C06448AF2411118600824CA0 /* Image Machine Hans */ = {
			isa = PBXGroup;
			children = (
				C06448B02411118600824CA0 /* AppDelegate.swift */,
				C06448B22411118600824CA0 /* SceneDelegate.swift */,
				C06448B42411118600824CA0 /* ViewController.swift */,
				C06448B62411118600824CA0 /* Main.storyboard */,
				C06448BC2411118700824CA0 /* Assets.xcassets */,
				C06448BE2411118700824CA0 /* LaunchScreen.storyboard */,
				C06448C12411118700824CA0 /* Info.plist */,
				C06448B92411118600824CA0 /* Image_Machine_Hans.xcdatamodeld */,
			);
			path = "Image Machine Hans";
			sourceTree = "<group>";
		};
/* End PBXGroup section */

/* Begin PBXNativeTarget section */
		C06448AC2411118600824CA0 /* Image Machine Hans */ = {
			isa = PBXNativeTarget;
			buildConfigurationList = C06448C42411118700824CA0 /* Build configuration list for PBXNativeTarget "Image Machine Hans" */;
			buildPhases = (
				C06448A92411118600824CA0 /* Sources */,
				C06448AA2411118600824CA0 /* Frameworks */,
				C06448AB2411118600824CA0 /* Resources */,
			);
			buildRules = (
			);
			dependencies = (
			);
			name = "Image Machine Hans";
			productName = "Image Machine Hans";
			productReference = C06448AD2411118600824CA0 /* Image Machine Hans.app */;
			productType = "com.apple.product-type.application";
		};
/* End PBXNativeTarget section */

/* Begin PBXProject section */
		C06448A52411118600824CA0 /* Project object */ = {
			isa = PBXProject;
			attributes = {
				LastSwiftUpdateCheck = 1130;
				LastUpgradeCheck = 1130;
				ORGANIZATIONNAME = "Hans Christian Yulianto";
				TargetAttributes = {
					C06448AC2411118600824CA0 = {
						CreatedOnToolsVersion = 11.3.1;
					};
				};
			};
			buildConfigurationList = C06448A82411118600824CA0 /* Build configuration list for PBXProject "Image Machine Hans" */;
			compatibilityVersion = "Xcode 9.3";
			developmentRegion = en;
			hasScannedForEncodings = 0;
			knownRegions = (
				en,
				Base,
			);
			mainGroup = C06448A42411118600824CA0;
			productRefGroup = C06448AE2411118600824CA0 /* Products */;
			projectDirPath = "";
			projectRoot = "";
			targets = (
				C06448AC2411118600824CA0 /* Image Machine Hans */,
			);
		};
/* End PBXProject section */

/* Begin PBXResourcesBuildPhase section */
		C06448AB2411118600824CA0 /* Resources */ = {
			isa = PBXResourcesBuildPhase;
			buildActionMask = 2147483647;
			files = (
				C06448C02411118700824CA0 /* LaunchScreen.storyboard in Resources */,
				C06448BD2411118700824CA0 /* Assets.xcassets in Resources */,
				C06448B82411118600824CA0 /* Main.storyboard in Resources */,
			);
			runOnlyForDeploymentPostprocessing = 0;
		};
/* End PBXResourcesBuildPhase section */

/* Begin PBXSourcesBuildPhase section */
		C06448A92411118600824CA0 /* Sources */ = {
			isa = PBXSourcesBuildPhase;
			buildActionMask = 2147483647;
			files = (
				C06448B52411118600824CA0 /* ViewController.swift in Sources */,
				C06448B12411118600824CA0 /* AppDelegate.swift in Sources */,
				C06448B32411118600824CA0 /* SceneDelegate.swift in Sources */,
				C06448BB2411118600824CA0 /* Image_Machine_Hans.xcdatamodeld in Sources */,
			);
			runOnlyForDeploymentPostprocessing = 0;
		};
/* End PBXSourcesBuildPhase section */

/* Begin PBXVariantGroup section */
		C06448B62411118600824CA0 /* Main.storyboard */ = {
			isa = PBXVariantGroup;
			children = (
				C06448B72411118600824CA0 /* Base */,
			);
			name = Main.storyboard;
			sourceTree = "<group>";
		};
		C06448BE2411118700824CA0 /* LaunchScreen.storyboard */ = {
			isa = PBXVariantGroup;
			children = (
				C06448BF2411118700824CA0 /* Base */,
			);
			name = LaunchScreen.storyboard;
			sourceTree = "<group>";
		};
/* End PBXVariantGroup section */

/* Begin XCBuildConfiguration section */
		C06448C22411118700824CA0 /* Debug */ = {
			isa = XCBuildConfiguration;
			buildSettings = {
				ALWAYS_SEARCH_USER_PATHS = NO;
				CLANG_ANALYZER_NONNULL = YES;
				CLANG_ANALYZER_NUMBER_OBJECT_CONVERSION = YES_AGGRESSIVE;
				CLANG_CXX_LANGUAGE_STANDARD = "gnu++14";
				CLANG_CXX_LIBRARY = "libc++";
				CLANG_ENABLE_MODULES = YES;
				CLANG_ENABLE_OBJC_ARC = YES;
				CLANG_ENABLE_OBJC_WEAK = YES;
				CLANG_WARN_BLOCK_CAPTURE_AUTORELEASING = YES;
				CLANG_WARN_BOOL_CONVERSION = YES;
				CLANG_WARN_COMMA = YES;
				CLANG_WARN_CONSTANT_CONVERSION = YES;
				CLANG_WARN_DEPRECATED_OBJC_IMPLEMENTATIONS = YES;
				CLANG_WARN_DIRECT_OBJC_ISA_USAGE = YES_ERROR;
				CLANG_WARN_DOCUMENTATION_COMMENTS = YES;
				CLANG_WARN_EMPTY_BODY = YES;
				CLANG_WARN_ENUM_CONVERSION = YES;
				CLANG_WARN_INFINITE_RECURSION = YES;
				CLANG_WARN_INT_CONVERSION = YES;
				CLANG_WARN_NON_LITERAL_NULL_CONVERSION = YES;
				CLANG_WARN_OBJC_IMPLICIT_RETAIN_SELF = YES;
				CLANG_WARN_OBJC_LITERAL_CONVERSION = YES;
				CLANG_WARN_OBJC_ROOT_CLASS = YES_ERROR;
				CLANG_WARN_RANGE_LOOP_ANALYSIS = YES;
				CLANG_WARN_STRICT_PROTOTYPES = YES;
				CLANG_WARN_SUSPICIOUS_MOVE = YES;
				CLANG_WARN_UNGUARDED_AVAILABILITY = YES_AGGRESSIVE;
				CLANG_WARN_UNREACHABLE_CODE = YES;
				CLANG_WARN__DUPLICATE_METHOD_MATCH = YES;
				COPY_PHASE_STRIP = NO;
				DEBUG_INFORMATION_FORMAT = dwarf;
				ENABLE_STRICT_OBJC_MSGSEND = YES;
				ENABLE_TESTABILITY = YES;
				GCC_C_LANGUAGE_STANDARD = gnu11;
				GCC_DYNAMIC_NO_PIC = NO;
				GCC_NO_COMMON_BLOCKS = YES;
				GCC_OPTIMIZATION_LEVEL = 0;
				GCC_PREPROCESSOR_DEFINITIONS = (
					"DEBUG=1",
					"$(inherited)",
				);
				GCC_WARN_64_TO_32_BIT_CONVERSION = YES;
				GCC_WARN_ABOUT_RETURN_TYPE = YES_ERROR;
				GCC_WARN_UNDECLARED_SELECTOR = YES;
				GCC_WARN_UNINITIALIZED_AUTOS = YES_AGGRESSIVE;
				GCC_WARN_UNUSED_FUNCTION = YES;
				GCC_WARN_UNUSED_VARIABLE = YES;
				IPHONEOS_DEPLOYMENT_TARGET = 13.2;
				MTL_ENABLE_DEBUG_INFO = INCLUDE_SOURCE;
				MTL_FAST_MATH = YES;
				ONLY_ACTIVE_ARCH = YES;
				SDKROOT = iphoneos;
				SWIFT_ACTIVE_COMPILATION_CONDITIONS = DEBUG;
				SWIFT_OPTIMIZATION_LEVEL = "-Onone";
			};
			name = Debug;
		};
		C06448C32411118700824CA0 /* Release */ = {
			isa = XCBuildConfiguration;
			buildSettings = {
				ALWAYS_SEARCH_USER_PATHS = NO;
				CLANG_ANALYZER_NONNULL = YES;
				CLANG_ANALYZER_NUMBER_OBJECT_CONVERSION = YES_AGGRESSIVE;
				CLANG_CXX_LANGUAGE_STANDARD = "gnu++14";
				CLANG_CXX_LIBRARY = "libc++";
				CLANG_ENABLE_MODULES = YES;
				CLANG_ENABLE_OBJC_ARC = YES;
				CLANG_ENABLE_OBJC_WEAK = YES;
				CLANG_WARN_BLOCK_CAPTURE_AUTORELEASING = YES;
				CLANG_WARN_BOOL_CONVERSION = YES;
				CLANG_WARN_COMMA = YES;
				CLANG_WARN_CONSTANT_CONVERSION = YES;
				CLANG_WARN_DEPRECATED_OBJC_IMPLEMENTATIONS = YES;
				CLANG_WARN_DIRECT_OBJC_ISA_USAGE = YES_ERROR;
				CLANG_WARN_DOCUMENTATION_COMMENTS = YES;
				CLANG_WARN_EMPTY_BODY = YES;
				CLANG_WARN_ENUM_CONVERSION = YES;
				CLANG_WARN_INFINITE_RECURSION = YES;
				CLANG_WARN_INT_CONVERSION = YES;
				CLANG_WARN_NON_LITERAL_NULL_CONVERSION = YES;
				CLANG_WARN_OBJC_IMPLICIT_RETAIN_SELF = YES;
				CLANG_WARN_OBJC_LITERAL_CONVERSION = YES;
				CLANG_WARN_OBJC_ROOT_CLASS = YES_ERROR;
				CLANG_WARN_RANGE_LOOP_ANALYSIS = YES;
				CLANG_WARN_STRICT_PROTOTYPES = YES;
				CLANG_WARN_SUSPICIOUS_MOVE = YES;
				CLANG_WARN_UNGUARDED_AVAILABILITY = YES_AGGRESSIVE;
				CLANG_WARN_UNREACHABLE_CODE = YES;
				CLANG_WARN__DUPLICATE_METHOD_MATCH = YES;
				COPY_PHASE_STRIP = NO;
				DEBUG_INFORMATION_FORMAT = "dwarf-with-dsym";
				ENABLE_NS_ASSERTIONS = NO;
				ENABLE_STRICT_OBJC_MSGSEND = YES;
				GCC_C_LANGUAGE_STANDARD = gnu11;
				GCC_NO_COMMON_BLOCKS = YES;
				GCC_WARN_64_TO_32_BIT_CONVERSION = YES;
				GCC_WARN_ABOUT_RETURN_TYPE = YES_ERROR;
				GCC_WARN_UNDECLARED_SELECTOR = YES;
				GCC_WARN_UNINITIALIZED_AUTOS = YES_AGGRESSIVE;
				GCC_WARN_UNUSED_FUNCTION = YES;
				GCC_WARN_UNUSED_VARIABLE = YES;
				IPHONEOS_DEPLOYMENT_TARGET = 13.2;
				MTL_ENABLE_DEBUG_INFO = NO;
				MTL_FAST_MATH = YES;
				SDKROOT = iphoneos;
				SWIFT_COMPILATION_MODE = wholemodule;
				SWIFT_OPTIMIZATION_LEVEL = "-O";
				VALIDATE_PRODUCT = YES;
			};
			name = Release;
		};
		C06448C52411118700824CA0 /* Debug */ = {
			isa = XCBuildConfiguration;
			buildSettings = {
				ASSETCATALOG_COMPILER_APPICON_NAME = AppIcon;
				CODE_SIGN_STYLE = Automatic;
				DEVELOPMENT_TEAM = 264D3723Z4;
				INFOPLIST_FILE = "Image Machine Hans/Info.plist";
				LD_RUNPATH_SEARCH_PATHS = (
					"$(inherited)",
					"@executable_path/Frameworks",
				);
				PRODUCT_BUNDLE_IDENTIFIER = "hanschrs.Image-Machine-Hans";
				PRODUCT_NAME = "$(TARGET_NAME)";
				SWIFT_VERSION = 5.0;
				TARGETED_DEVICE_FAMILY = "1,2";
			};
			name = Debug;
		};
		C06448C62411118700824CA0 /* Release */ = {
			isa = XCBuildConfiguration;
			buildSettings = {
				ASSETCATALOG_COMPILER_APPICON_NAME = AppIcon;
				CODE_SIGN_STYLE = Automatic;
				DEVELOPMENT_TEAM = 264D3723Z4;
				INFOPLIST_FILE = "Image Machine Hans/Info.plist";
				LD_RUNPATH_SEARCH_PATHS = (
					"$(inherited)",
					"@executable_path/Frameworks",
				);
				PRODUCT_BUNDLE_IDENTIFIER = "hanschrs.Image-Machine-Hans";
				PRODUCT_NAME = "$(TARGET_NAME)";
				SWIFT_VERSION = 5.0;
				TARGETED_DEVICE_FAMILY = "1,2";
			};
			name = Release;
		};
/* End XCBuildConfiguration section */

/* Begin XCConfigurationList section */
		C06448A82411118600824CA0 /* Build configuration list for PBXProject "Image Machine Hans" */ = {
			isa = XCConfigurationList;
			buildConfigurations = (
				C06448C22411118700824CA0 /* Debug */,
				C06448C32411118700824CA0 /* Release */,
			);
			defaultConfigurationIsVisible = 0;
			defaultConfigurationName = Release;
		};
		C06448C42411118700824CA0 /* Build configuration list for PBXNativeTarget "Image Machine Hans" */ = {
			isa = XCConfigurationList;
			buildConfigurations = (
				C06448C52411118700824CA0 /* Debug */,
				C06448C62411118700824CA0 /* Release */,
			);
			defaultConfigurationIsVisible = 0;
			defaultConfigurationName = Release;
		};
/* End XCConfigurationList section */

/* Begin XCVersionGroup section */
		C06448B92411118600824CA0 /* Image_Machine_Hans.xcdatamodeld */ = {
			isa = XCVersionGroup;
			children = (
				C06448BA2411118600824CA0 /* Image_Machine_Hans.xcdatamodel */,
			);
			currentVersion = C06448BA2411118600824CA0 /* Image_Machine_Hans.xcdatamodel */;
			path = Image_Machine_Hans.xcdatamodeld;
			sourceTree = "<group>";
			versionGroupType = wrapper.xcdatamodel;
		};
/* End XCVersionGroup section */
	};
	rootObject = C06448A52411118600824CA0 /* Project object */;
}
